{
  "version": 4,
  "terraform_version": "1.0.0",
  "serial": 221,
  "lineage": "12fd95ea-1c97-4da7-682f-539bca2db014",
  "outputs": {
    "webserver": {
      "value": "18.119.104.49",
      "type": "string"
    }
  },
  "resources": [
    {
      "mode": "data",
      "type": "template_file",
      "name": "apache",
      "provider": "provider[\"registry.terraform.io/hashicorp/template\"]",
      "instances": [
        {
          "schema_version": 0,
          "attributes": {
            "filename": null,
            "id": "5b67caebb14a34f0db29e588d0b92c9cea0d9c0688775bb6a95cb0eb7702b45c",
            "rendered": "#!/bin/bash\n\nsudo yum update\nsudo yum install httpd -y\nsudo yum install php -y\nsudo yum install mysql -y \nsudo yum install php-mysql -y\n\ncat \u003c\u003c 'EOF' \u003e\u003e /var/www/html/index.php\n\u003c?php\n# Fill our vars and run on cli\n# $ php -f db-connect-test.php\n\n$dbname = 'challenge';\n$dbuser = 'challenge';\n$dbpass = 'Pass-123';\n$dbhost = \"ip-172-16-2-235.us-east-2.compute.internal:3110\";\n\n$connect = mysql_connect($dbhost, $dbuser, $dbpass) or die(\"Unable to Connect to '$dbhost'\");\nmysql_select_db($dbname) or die(\"Could not open the db '$dbname'\");\n\n$test_query = \"SHOW TABLES FROM $dbname\";\n$result = mysql_query($test_query);\n\n$tblCnt = 0;\nwhile($tbl = mysql_fetch_array($result)) {\n  $tblCnt++;\n  #echo $tbl[0].\"\u003cbr /\u003e\\n\";\n}\n\nif (!$tblCnt) {\n  echo \"There are no tables\u003cbr /\u003e\\n\";\n} else {\n  echo \"There are $tblCnt tables\u003cbr /\u003e\\n\";\n}\n\n?\u003e\nEOF\n\n# sudo sed -i \"s/mysql_endpoint/$mysql_endpoint/g\" /etc/my.cnf\n\n\n# sed -i ip-172-16-2-235.us-east-2.compute.internal\n\n\nsudo /etc/init.d/httpd start\n",
            "template": "#!/bin/bash\n\nsudo yum update\nsudo yum install httpd -y\nsudo yum install php -y\nsudo yum install mysql -y \nsudo yum install php-mysql -y\n\ncat \u003c\u003c 'EOF' \u003e\u003e /var/www/html/index.php\n\u003c?php\n# Fill our vars and run on cli\n# $ php -f db-connect-test.php\n\n$dbname = 'challenge';\n$dbuser = 'challenge';\n$dbpass = 'Pass-123';\n$dbhost = \"${mysql_endpoint}:3110\";\n\n$connect = mysql_connect($dbhost, $dbuser, $dbpass) or die(\"Unable to Connect to '$dbhost'\");\nmysql_select_db($dbname) or die(\"Could not open the db '$dbname'\");\n\n$test_query = \"SHOW TABLES FROM $dbname\";\n$result = mysql_query($test_query);\n\n$tblCnt = 0;\nwhile($tbl = mysql_fetch_array($result)) {\n  $tblCnt++;\n  #echo $tbl[0].\"\u003cbr /\u003e\\n\";\n}\n\nif (!$tblCnt) {\n  echo \"There are no tables\u003cbr /\u003e\\n\";\n} else {\n  echo \"There are $tblCnt tables\u003cbr /\u003e\\n\";\n}\n\n?\u003e\nEOF\n\n# sudo sed -i \"s/mysql_endpoint/$mysql_endpoint/g\" /etc/my.cnf\n\n\n# sed -i ${mysql_endpoint}\n\n\nsudo /etc/init.d/httpd start\n",
            "vars": {
              "mysql_endpoint": "ip-172-16-2-235.us-east-2.compute.internal"
            }
          },
          "sensitive_attributes": []
        }
      ]
    },
    {
      "mode": "data",
      "type": "template_file",
      "name": "mysql",
      "provider": "provider[\"registry.terraform.io/hashicorp/template\"]",
      "instances": [
        {
          "schema_version": 0,
          "attributes": {
            "filename": null,
            "id": "b70578c8789a39d1375f3ca529e4cc419f08aeb4740ec9d883218913668a6057",
            "rendered": "#!/bin/bash\n\nsudo yum update -y\n\nsudo yum install mysql-server -y\n\nsudo sed -i '/^\\[mysqld\\]/a port=3110' /etc/my.cnf\n\n# sudo /sbin/chkconfig --levels 235 mysqld on\n\nsudo /etc/init.d/mysqld start\n\n\ncat \u003c\u003c 'EOF' \u003e\u003e /tmp/user.sql\nCREATE USER 'challenge'@'%' IDENTIFIED BY 'Pass-123';\nGRANT ALL PRIVILEGES ON *.* TO 'challenge'@'%' IDENTIFIED BY 'Pass-123' WITH GRANT OPTION;\nCREATE DATABASE challenge;\nuse challenge;\nCREATE TABLE Persons (PersonID int, LastName varchar(255), FirstName varchar(255), Address varchar(255), City varchar(255));\nEOF\n\n\n# echo \"CREATE USER 'challenge'@'%' IDENTIFIED BY 'Pass-123';\" \u003e\u003e /tmp/user.sql\n# echo \"GRANT ALL PRIVILEGES ON *.* TO 'challenge'@'%' IDENTIFIED BY 'Pass-123' WITH GRANT OPTION;\" \u003e\u003e /tmp/user.sql\n# echo \"CREATE DATABASE challenge;\" \u003e\u003e /tmp/user.sql\n\nsudo mysql \u003c /tmp/user.sql",
            "template": "#!/bin/bash\n\nsudo yum update -y\n\nsudo yum install mysql-server -y\n\nsudo sed -i '/^\\[mysqld\\]/a port=3110' /etc/my.cnf\n\n# sudo /sbin/chkconfig --levels 235 mysqld on\n\nsudo /etc/init.d/mysqld start\n\n\ncat \u003c\u003c 'EOF' \u003e\u003e /tmp/user.sql\nCREATE USER 'challenge'@'%' IDENTIFIED BY 'Pass-123';\nGRANT ALL PRIVILEGES ON *.* TO 'challenge'@'%' IDENTIFIED BY 'Pass-123' WITH GRANT OPTION;\nCREATE DATABASE challenge;\nuse challenge;\nCREATE TABLE Persons (PersonID int, LastName varchar(255), FirstName varchar(255), Address varchar(255), City varchar(255));\nEOF\n\n\n# echo \"CREATE USER 'challenge'@'%' IDENTIFIED BY 'Pass-123';\" \u003e\u003e /tmp/user.sql\n# echo \"GRANT ALL PRIVILEGES ON *.* TO 'challenge'@'%' IDENTIFIED BY 'Pass-123' WITH GRANT OPTION;\" \u003e\u003e /tmp/user.sql\n# echo \"CREATE DATABASE challenge;\" \u003e\u003e /tmp/user.sql\n\nsudo mysql \u003c /tmp/user.sql",
            "vars": null
          },
          "sensitive_attributes": []
        }
      ]
    },
    {
      "mode": "managed",
      "type": "aws_default_route_table",
      "name": "cocus_default",
      "provider": "provider[\"registry.terraform.io/hashicorp/aws\"]",
      "instances": [
        {
          "schema_version": 0,
          "attributes": {
            "arn": "arn:aws:ec2:us-east-2:204023917606:route-table/rtb-01f4eb96a1d1a54f0",
            "default_route_table_id": "rtb-01f4eb96a1d1a54f0",
            "id": "rtb-01f4eb96a1d1a54f0",
            "owner_id": "204023917606",
            "propagating_vgws": [],
            "route": [
              {
                "cidr_block": "0.0.0.0/0",
                "destination_prefix_list_id": "",
                "egress_only_gateway_id": "",
                "gateway_id": "",
                "instance_id": "",
                "ipv6_cidr_block": "",
                "nat_gateway_id": "nat-0b8de6cf57a9fe425",
                "network_interface_id": "",
                "transit_gateway_id": "",
                "vpc_endpoint_id": "",
                "vpc_peering_connection_id": ""
              }
            ],
            "tags": {},
            "tags_all": {},
            "vpc_id": "vpc-0de64921941b46991"
          },
          "sensitive_attributes": [],
          "private": "bnVsbA==",
          "dependencies": [
            "aws_eip.cocus-eip",
            "aws_nat_gateway.cocus-ng",
            "aws_subnet.cocus-public-subnet",
            "aws_vpc.cocus-vpc"
          ]
        }
      ]
    },
    {
      "mode": "managed",
      "type": "aws_eip",
      "name": "cocus-eip",
      "provider": "provider[\"registry.terraform.io/hashicorp/aws\"]",
      "instances": [
        {
          "schema_version": 0,
          "attributes": {
            "address": null,
            "allocation_id": null,
            "associate_with_private_ip": null,
            "association_id": "eipassoc-03c06eb6afe14878f",
            "carrier_ip": "",
            "customer_owned_ip": "",
            "customer_owned_ipv4_pool": "",
            "domain": "vpc",
            "id": "eipalloc-051e3d1e0dce7f4fe",
            "instance": "",
            "network_border_group": "us-east-2",
            "network_interface": "eni-0417b84406b147bec",
            "private_dns": "ip-172-16-1-114.us-east-2.compute.internal",
            "private_ip": "172.16.1.114",
            "public_dns": "ec2-3-132-172-241.us-east-2.compute.amazonaws.com",
            "public_ip": "3.132.172.241",
            "public_ipv4_pool": "amazon",
            "tags": {
              "Name": "cocus-eip"
            },
            "tags_all": {
              "Name": "cocus-eip"
            },
            "timeouts": null,
            "vpc": true
          },
          "sensitive_attributes": [],
          "private": "eyJlMmJmYjczMC1lY2FhLTExZTYtOGY4OC0zNDM2M2JjN2M0YzAiOnsiZGVsZXRlIjoxODAwMDAwMDAwMDAsInJlYWQiOjkwMDAwMDAwMDAwMCwidXBkYXRlIjozMDAwMDAwMDAwMDB9fQ=="
        }
      ]
    },
    {
      "mode": "managed",
      "type": "aws_instance",
      "name": "app",
      "provider": "provider[\"registry.terraform.io/hashicorp/aws\"]",
      "instances": [
        {
          "schema_version": 1,
          "attributes": {
            "ami": "ami-023c8dbf8268fb3ca",
            "arn": "arn:aws:ec2:us-east-2:204023917606:instance/i-04b56a38688645f20",
            "associate_public_ip_address": true,
            "availability_zone": "us-east-2a",
            "capacity_reservation_specification": [
              {
                "capacity_reservation_preference": "open",
                "capacity_reservation_target": []
              }
            ],
            "cpu_core_count": 1,
            "cpu_threads_per_core": 1,
            "credit_specification": [
              {
                "cpu_credits": "standard"
              }
            ],
            "disable_api_termination": false,
            "ebs_block_device": [],
            "ebs_optimized": false,
            "enclave_options": [
              {
                "enabled": false
              }
            ],
            "ephemeral_block_device": [],
            "get_password_data": false,
            "hibernation": false,
            "host_id": null,
            "iam_instance_profile": "",
            "id": "i-04b56a38688645f20",
            "instance_initiated_shutdown_behavior": "stop",
            "instance_state": "running",
            "instance_type": "t2.micro",
            "ipv6_address_count": 0,
            "ipv6_addresses": [],
            "key_name": "cocus",
            "launch_template": [],
            "metadata_options": [
              {
                "http_endpoint": "enabled",
                "http_put_response_hop_limit": 1,
                "http_tokens": "optional"
              }
            ],
            "monitoring": false,
            "network_interface": [],
            "outpost_arn": "",
            "password_data": "",
            "placement_group": "",
            "primary_network_interface_id": "eni-0cf704db43a4fe375",
            "private_dns": "ip-172-16-1-53.us-east-2.compute.internal",
            "private_ip": "172.16.1.53",
            "public_dns": "ec2-18-119-104-49.us-east-2.compute.amazonaws.com",
            "public_ip": "18.119.104.49",
            "root_block_device": [
              {
                "delete_on_termination": true,
                "device_name": "/dev/xvda",
                "encrypted": false,
                "iops": 100,
                "kms_key_id": "",
                "tags": {},
                "throughput": 0,
                "volume_id": "vol-0f56ad3213933af1d",
                "volume_size": 8,
                "volume_type": "gp2"
              }
            ],
            "secondary_private_ips": [],
            "security_groups": [],
            "source_dest_check": true,
            "subnet_id": "subnet-061a79ee1d81fb594",
            "tags": {
              "Name": "cocus-webserver"
            },
            "tags_all": {
              "Name": "cocus-webserver"
            },
            "tenancy": "default",
            "timeouts": null,
            "user_data": "67b857a7f648feece226081843004702f4a7e3b1",
            "user_data_base64": null,
            "volume_tags": null,
            "vpc_security_group_ids": [
              "sg-0221671cfc91d4811"
            ]
          },
          "sensitive_attributes": [],
          "private": "eyJlMmJmYjczMC1lY2FhLTExZTYtOGY4OC0zNDM2M2JjN2M0YzAiOnsiY3JlYXRlIjo2MDAwMDAwMDAwMDAsImRlbGV0ZSI6MTIwMDAwMDAwMDAwMCwidXBkYXRlIjo2MDAwMDAwMDAwMDB9LCJzY2hlbWFfdmVyc2lvbiI6IjEifQ==",
          "dependencies": [
            "aws_instance.db",
            "aws_security_group.private",
            "aws_security_group.public",
            "aws_subnet.cocus-private-subnet",
            "aws_subnet.cocus-public-subnet",
            "data.template_file.apache",
            "data.template_file.mysql"
          ]
        }
      ]
    },
    {
      "mode": "managed",
      "type": "aws_instance",
      "name": "db",
      "provider": "provider[\"registry.terraform.io/hashicorp/aws\"]",
      "instances": [
        {
          "schema_version": 1,
          "attributes": {
            "ami": "ami-023c8dbf8268fb3ca",
            "arn": "arn:aws:ec2:us-east-2:204023917606:instance/i-0f42d2653272ed79f",
            "associate_public_ip_address": false,
            "availability_zone": "us-east-2a",
            "capacity_reservation_specification": [
              {
                "capacity_reservation_preference": "open",
                "capacity_reservation_target": []
              }
            ],
            "cpu_core_count": 1,
            "cpu_threads_per_core": 1,
            "credit_specification": [
              {
                "cpu_credits": "standard"
              }
            ],
            "disable_api_termination": false,
            "ebs_block_device": [],
            "ebs_optimized": false,
            "enclave_options": [
              {
                "enabled": false
              }
            ],
            "ephemeral_block_device": [],
            "get_password_data": false,
            "hibernation": false,
            "host_id": null,
            "iam_instance_profile": "",
            "id": "i-0f42d2653272ed79f",
            "instance_initiated_shutdown_behavior": "stop",
            "instance_state": "running",
            "instance_type": "t2.micro",
            "ipv6_address_count": 0,
            "ipv6_addresses": [],
            "key_name": "cocus",
            "launch_template": [],
            "metadata_options": [
              {
                "http_endpoint": "enabled",
                "http_put_response_hop_limit": 1,
                "http_tokens": "optional"
              }
            ],
            "monitoring": false,
            "network_interface": [],
            "outpost_arn": "",
            "password_data": "",
            "placement_group": "",
            "primary_network_interface_id": "eni-09a6576460961481c",
            "private_dns": "ip-172-16-2-235.us-east-2.compute.internal",
            "private_ip": "172.16.2.235",
            "public_dns": "",
            "public_ip": "",
            "root_block_device": [
              {
                "delete_on_termination": true,
                "device_name": "/dev/xvda",
                "encrypted": false,
                "iops": 100,
                "kms_key_id": "",
                "tags": {},
                "throughput": 0,
                "volume_id": "vol-02db6a0272dd7ab6b",
                "volume_size": 8,
                "volume_type": "gp2"
              }
            ],
            "secondary_private_ips": [],
            "security_groups": [],
            "source_dest_check": true,
            "subnet_id": "subnet-09d11fa51625b2cb5",
            "tags": {
              "Name": "cocus-database"
            },
            "tags_all": {
              "Name": "cocus-database"
            },
            "tenancy": "default",
            "timeouts": null,
            "user_data": "58d6d26db160aa119a50bbcf7f3830003426de75",
            "user_data_base64": null,
            "volume_tags": null,
            "vpc_security_group_ids": [
              "sg-0a183262bc070df47"
            ]
          },
          "sensitive_attributes": [],
          "private": "eyJlMmJmYjczMC1lY2FhLTExZTYtOGY4OC0zNDM2M2JjN2M0YzAiOnsiY3JlYXRlIjo2MDAwMDAwMDAwMDAsImRlbGV0ZSI6MTIwMDAwMDAwMDAwMCwidXBkYXRlIjo2MDAwMDAwMDAwMDB9LCJzY2hlbWFfdmVyc2lvbiI6IjEifQ==",
          "dependencies": [
            "aws_security_group.private",
            "aws_subnet.cocus-private-subnet",
            "data.template_file.mysql"
          ]
        }
      ]
    },
    {
      "mode": "managed",
      "type": "aws_internet_gateway",
      "name": "cocus-ig",
      "provider": "provider[\"registry.terraform.io/hashicorp/aws\"]",
      "instances": [
        {
          "schema_version": 0,
          "attributes": {
            "arn": "arn:aws:ec2:us-east-2:204023917606:internet-gateway/igw-0d83a4bb4a5e8d30d",
            "id": "igw-0d83a4bb4a5e8d30d",
            "owner_id": "204023917606",
            "tags": {
              "Name": "cocus-ig"
            },
            "tags_all": {
              "Name": "cocus-ig"
            },
            "vpc_id": "vpc-0de64921941b46991"
          },
          "sensitive_attributes": [],
          "private": "bnVsbA==",
          "dependencies": [
            "aws_vpc.cocus-vpc"
          ]
        }
      ]
    },
    {
      "mode": "managed",
      "type": "aws_key_pair",
      "name": "cocus_key",
      "provider": "provider[\"registry.terraform.io/hashicorp/aws\"]",
      "instances": [
        {
          "schema_version": 1,
          "attributes": {
            "arn": "arn:aws:ec2:us-east-2:204023917606:key-pair/cocus",
            "fingerprint": "28:e6:28:b3:ba:78:07:d8:1c:f6:99:1c:d5:1c:06:bf",
            "id": "cocus",
            "key_name": "cocus",
            "key_name_prefix": null,
            "key_pair_id": "key-0c66357368f09e63e",
            "public_key": "ssh-rsa AAAAB3NzaC1yc2EAAAADAQABAAABAQCa/GFH+xFclCfu2EE3QMsxfxwOK+3HV07sOhtM7+zhGcSA/KsA3evR7Bfx7BlVagz9QZY3l3mMbzqGhhSujwMF1UmHdPqBFzDZeAN+km7xiBRtYfszG/DnE7p7QhyY3mFzPwLtsTXV6GiowZVKrS6aXm98Sn5busUL1hqAUR0jxOM/gLi1i3SafCYrWmm2k63xhFnj+SYXr5F+zZTYxRGo5dH84ROYEic/PagpbSU5aKl5bteoIASB1jVWzVS6MBQ7ZIYPfjiMnzO/fs/IjfdkarDApKNWvpmLEnhThkn7zWQMxkY7v0EThnk8M2PrVvhqYo2ye3gjBcHcSQR5xbsl",
            "tags": {},
            "tags_all": {}
          },
          "sensitive_attributes": [],
          "private": "eyJzY2hlbWFfdmVyc2lvbiI6IjEifQ=="
        }
      ]
    },
    {
      "mode": "managed",
      "type": "aws_nat_gateway",
      "name": "cocus-ng",
      "provider": "provider[\"registry.terraform.io/hashicorp/aws\"]",
      "instances": [
        {
          "schema_version": 0,
          "attributes": {
            "allocation_id": "eipalloc-051e3d1e0dce7f4fe",
            "connectivity_type": "public",
            "id": "nat-0b8de6cf57a9fe425",
            "network_interface_id": "eni-0417b84406b147bec",
            "private_ip": "172.16.1.114",
            "public_ip": "3.132.172.241",
            "subnet_id": "subnet-061a79ee1d81fb594",
            "tags": {
              "Name": "cocus-nat_gateway"
            },
            "tags_all": {
              "Name": "cocus-nat_gateway"
            }
          },
          "sensitive_attributes": [],
          "private": "bnVsbA==",
          "dependencies": [
            "aws_eip.cocus-eip",
            "aws_subnet.cocus-public-subnet",
            "aws_vpc.cocus-vpc"
          ]
        }
      ]
    },
    {
      "mode": "managed",
      "type": "aws_route_table",
      "name": "awslab-rt-internet",
      "provider": "provider[\"registry.terraform.io/hashicorp/aws\"]",
      "instances": [
        {
          "schema_version": 0,
          "attributes": {
            "arn": "arn:aws:ec2:us-east-2:204023917606:route-table/rtb-07805996d9f5d16e4",
            "id": "rtb-07805996d9f5d16e4",
            "owner_id": "204023917606",
            "propagating_vgws": [],
            "route": [
              {
                "carrier_gateway_id": "",
                "cidr_block": "0.0.0.0/0",
                "destination_prefix_list_id": "",
                "egress_only_gateway_id": "",
                "gateway_id": "igw-0d83a4bb4a5e8d30d",
                "instance_id": "",
                "ipv6_cidr_block": "",
                "local_gateway_id": "",
                "nat_gateway_id": "",
                "network_interface_id": "",
                "transit_gateway_id": "",
                "vpc_endpoint_id": "",
                "vpc_peering_connection_id": ""
              }
            ],
            "tags": {
              "Name": "awslab-rt-internet"
            },
            "tags_all": {
              "Name": "awslab-rt-internet"
            },
            "vpc_id": "vpc-0de64921941b46991"
          },
          "sensitive_attributes": [],
          "private": "bnVsbA==",
          "dependencies": [
            "aws_internet_gateway.cocus-ig",
            "aws_vpc.cocus-vpc"
          ]
        }
      ]
    },
    {
      "mode": "managed",
      "type": "aws_route_table_association",
      "name": "cocus-public",
      "provider": "provider[\"registry.terraform.io/hashicorp/aws\"]",
      "instances": [
        {
          "schema_version": 0,
          "attributes": {
            "gateway_id": "",
            "id": "rtbassoc-0eed1fe616e5f63b4",
            "route_table_id": "rtb-07805996d9f5d16e4",
            "subnet_id": "subnet-061a79ee1d81fb594"
          },
          "sensitive_attributes": [],
          "private": "bnVsbA==",
          "dependencies": [
            "aws_internet_gateway.cocus-ig",
            "aws_route_table.awslab-rt-internet",
            "aws_subnet.cocus-public-subnet",
            "aws_vpc.cocus-vpc"
          ]
        }
      ]
    },
    {
      "mode": "managed",
      "type": "aws_security_group",
      "name": "private",
      "provider": "provider[\"registry.terraform.io/hashicorp/aws\"]",
      "instances": [
        {
          "schema_version": 1,
          "attributes": {
            "arn": "arn:aws:ec2:us-east-2:204023917606:security-group/sg-0a183262bc070df47",
            "description": "Security-Group-Private-Ports",
            "egress": [
              {
                "cidr_blocks": [
                  "0.0.0.0/0"
                ],
                "description": "",
                "from_port": 0,
                "ipv6_cidr_blocks": [
                  "::/0"
                ],
                "prefix_list_ids": [],
                "protocol": "-1",
                "security_groups": [],
                "self": false,
                "to_port": 0
              }
            ],
            "id": "sg-0a183262bc070df47",
            "ingress": [
              {
                "cidr_blocks": [
                  "0.0.0.0/0"
                ],
                "description": "ICMP",
                "from_port": -1,
                "ipv6_cidr_blocks": [],
                "prefix_list_ids": [],
                "protocol": "icmp",
                "security_groups": [],
                "self": false,
                "to_port": -1
              },
              {
                "cidr_blocks": [
                  "172.16.1.0/24"
                ],
                "description": "DB Port",
                "from_port": 3110,
                "ipv6_cidr_blocks": [],
                "prefix_list_ids": [],
                "protocol": "tcp",
                "security_groups": [],
                "self": false,
                "to_port": 3110
              },
              {
                "cidr_blocks": [
                  "172.16.1.0/24"
                ],
                "description": "SSH",
                "from_port": 22,
                "ipv6_cidr_blocks": [],
                "prefix_list_ids": [],
                "protocol": "tcp",
                "security_groups": [],
                "self": false,
                "to_port": 22
              },
              {
                "cidr_blocks": [],
                "description": "internal communication",
                "from_port": 0,
                "ipv6_cidr_blocks": [],
                "prefix_list_ids": [],
                "protocol": "-1",
                "security_groups": [],
                "self": true,
                "to_port": 0
              }
            ],
            "name": "Security-Group-Private-Ports",
            "name_prefix": "",
            "owner_id": "204023917606",
            "revoke_rules_on_delete": false,
            "tags": {
              "Name": "cocus-private-sg"
            },
            "tags_all": {
              "Name": "cocus-private-sg"
            },
            "timeouts": null,
            "vpc_id": "vpc-0de64921941b46991"
          },
          "sensitive_attributes": [],
          "private": "eyJlMmJmYjczMC1lY2FhLTExZTYtOGY4OC0zNDM2M2JjN2M0YzAiOnsiY3JlYXRlIjo2MDAwMDAwMDAwMDAsImRlbGV0ZSI6OTAwMDAwMDAwMDAwfSwic2NoZW1hX3ZlcnNpb24iOiIxIn0=",
          "dependencies": [
            "aws_vpc.cocus-vpc"
          ]
        }
      ]
    },
    {
      "mode": "managed",
      "type": "aws_security_group",
      "name": "public",
      "provider": "provider[\"registry.terraform.io/hashicorp/aws\"]",
      "instances": [
        {
          "schema_version": 1,
          "attributes": {
            "arn": "arn:aws:ec2:us-east-2:204023917606:security-group/sg-0221671cfc91d4811",
            "description": "Security Group Public Ports",
            "egress": [
              {
                "cidr_blocks": [
                  "0.0.0.0/0"
                ],
                "description": "",
                "from_port": 0,
                "ipv6_cidr_blocks": [
                  "::/0"
                ],
                "prefix_list_ids": [],
                "protocol": "-1",
                "security_groups": [],
                "self": false,
                "to_port": 0
              }
            ],
            "id": "sg-0221671cfc91d4811",
            "ingress": [
              {
                "cidr_blocks": [
                  "0.0.0.0/0"
                ],
                "description": "HTTP",
                "from_port": 80,
                "ipv6_cidr_blocks": [],
                "prefix_list_ids": [],
                "protocol": "tcp",
                "security_groups": [],
                "self": false,
                "to_port": 80
              },
              {
                "cidr_blocks": [
                  "0.0.0.0/0"
                ],
                "description": "ICMP",
                "from_port": -1,
                "ipv6_cidr_blocks": [],
                "prefix_list_ids": [],
                "protocol": "icmp",
                "security_groups": [],
                "self": false,
                "to_port": -1
              },
              {
                "cidr_blocks": [
                  "0.0.0.0/0"
                ],
                "description": "SSH",
                "from_port": 22,
                "ipv6_cidr_blocks": [],
                "prefix_list_ids": [],
                "protocol": "tcp",
                "security_groups": [],
                "self": false,
                "to_port": 22
              },
              {
                "cidr_blocks": [],
                "description": "internal communication",
                "from_port": 0,
                "ipv6_cidr_blocks": [],
                "prefix_list_ids": [],
                "protocol": "-1",
                "security_groups": [],
                "self": true,
                "to_port": 0
              }
            ],
            "name": "Security-Group-Public-Ports",
            "name_prefix": "",
            "owner_id": "204023917606",
            "revoke_rules_on_delete": false,
            "tags": {
              "Name": "cocus-public-sg"
            },
            "tags_all": {
              "Name": "cocus-public-sg"
            },
            "timeouts": null,
            "vpc_id": "vpc-0de64921941b46991"
          },
          "sensitive_attributes": [],
          "private": "eyJlMmJmYjczMC1lY2FhLTExZTYtOGY4OC0zNDM2M2JjN2M0YzAiOnsiY3JlYXRlIjo2MDAwMDAwMDAwMDAsImRlbGV0ZSI6OTAwMDAwMDAwMDAwfSwic2NoZW1hX3ZlcnNpb24iOiIxIn0=",
          "dependencies": [
            "aws_vpc.cocus-vpc"
          ]
        }
      ]
    },
    {
      "mode": "managed",
      "type": "aws_subnet",
      "name": "cocus-private-subnet",
      "provider": "provider[\"registry.terraform.io/hashicorp/aws\"]",
      "instances": [
        {
          "schema_version": 1,
          "attributes": {
            "arn": "arn:aws:ec2:us-east-2:204023917606:subnet/subnet-09d11fa51625b2cb5",
            "assign_ipv6_address_on_creation": false,
            "availability_zone": "us-east-2a",
            "availability_zone_id": "use2-az1",
            "cidr_block": "172.16.2.0/24",
            "customer_owned_ipv4_pool": "",
            "id": "subnet-09d11fa51625b2cb5",
            "ipv6_cidr_block": "",
            "ipv6_cidr_block_association_id": "",
            "map_customer_owned_ip_on_launch": false,
            "map_public_ip_on_launch": false,
            "outpost_arn": "",
            "owner_id": "204023917606",
            "tags": {
              "Name": "awslab-subnet-private"
            },
            "tags_all": {
              "Name": "awslab-subnet-private"
            },
            "timeouts": null,
            "vpc_id": "vpc-0de64921941b46991"
          },
          "sensitive_attributes": [],
          "private": "eyJlMmJmYjczMC1lY2FhLTExZTYtOGY4OC0zNDM2M2JjN2M0YzAiOnsiY3JlYXRlIjo2MDAwMDAwMDAwMDAsImRlbGV0ZSI6MTIwMDAwMDAwMDAwMH0sInNjaGVtYV92ZXJzaW9uIjoiMSJ9",
          "dependencies": [
            "aws_vpc.cocus-vpc"
          ]
        }
      ]
    },
    {
      "mode": "managed",
      "type": "aws_subnet",
      "name": "cocus-public-subnet",
      "provider": "provider[\"registry.terraform.io/hashicorp/aws\"]",
      "instances": [
        {
          "schema_version": 1,
          "attributes": {
            "arn": "arn:aws:ec2:us-east-2:204023917606:subnet/subnet-061a79ee1d81fb594",
            "assign_ipv6_address_on_creation": false,
            "availability_zone": "us-east-2a",
            "availability_zone_id": "use2-az1",
            "cidr_block": "172.16.1.0/24",
            "customer_owned_ipv4_pool": "",
            "id": "subnet-061a79ee1d81fb594",
            "ipv6_cidr_block": "",
            "ipv6_cidr_block_association_id": "",
            "map_customer_owned_ip_on_launch": false,
            "map_public_ip_on_launch": true,
            "outpost_arn": "",
            "owner_id": "204023917606",
            "tags": {
              "Name": "awslab-subnet-public"
            },
            "tags_all": {
              "Name": "awslab-subnet-public"
            },
            "timeouts": null,
            "vpc_id": "vpc-0de64921941b46991"
          },
          "sensitive_attributes": [],
          "private": "eyJlMmJmYjczMC1lY2FhLTExZTYtOGY4OC0zNDM2M2JjN2M0YzAiOnsiY3JlYXRlIjo2MDAwMDAwMDAwMDAsImRlbGV0ZSI6MTIwMDAwMDAwMDAwMH0sInNjaGVtYV92ZXJzaW9uIjoiMSJ9",
          "dependencies": [
            "aws_vpc.cocus-vpc"
          ]
        }
      ]
    },
    {
      "mode": "managed",
      "type": "aws_vpc",
      "name": "cocus-vpc",
      "provider": "provider[\"registry.terraform.io/hashicorp/aws\"]",
      "instances": [
        {
          "schema_version": 1,
          "attributes": {
            "arn": "arn:aws:ec2:us-east-2:204023917606:vpc/vpc-0de64921941b46991",
            "assign_generated_ipv6_cidr_block": false,
            "cidr_block": "172.16.0.0/16",
            "default_network_acl_id": "acl-0bf1f9145a402d058",
            "default_route_table_id": "rtb-01f4eb96a1d1a54f0",
            "default_security_group_id": "sg-004830a1f2a4fc3a1",
            "dhcp_options_id": "dopt-f46ac99f",
            "enable_classiclink": null,
            "enable_classiclink_dns_support": null,
            "enable_dns_hostnames": true,
            "enable_dns_support": true,
            "id": "vpc-0de64921941b46991",
            "instance_tenancy": "default",
            "ipv6_association_id": "",
            "ipv6_cidr_block": "",
            "main_route_table_id": "rtb-01f4eb96a1d1a54f0",
            "owner_id": "204023917606",
            "tags": {
              "Name": "awslab-vpc"
            },
            "tags_all": {
              "Name": "awslab-vpc"
            }
          },
          "sensitive_attributes": [],
          "private": "eyJzY2hlbWFfdmVyc2lvbiI6IjEifQ=="
        }
      ]
    }
  ]
}
